// !$*UTF8*$!
{
	archiveVersion = 1;
	classes = {
	};
	objectVersion = 46;
	objects = {

/* Begin PBXBuildFile section */
		B8ACEA5E1C625F12001B4AFA /* AppDelegate.swift in Sources */ = {isa = PBXBuildFile; fileRef = B8ACEA5D1C625F12001B4AFA /* AppDelegate.swift */; };
		B8ACEA601C625F12001B4AFA /* ViewController.swift in Sources */ = {isa = PBXBuildFile; fileRef = B8ACEA5F1C625F12001B4AFA /* ViewController.swift */; };
		B8ACEA631C625F12001B4AFA /* Main.storyboard in Resources */ = {isa = PBXBuildFile; fileRef = B8ACEA611C625F12001B4AFA /* Main.storyboard */; };
		B8ACEA651C625F12001B4AFA /* Assets.xcassets in Resources */ = {isa = PBXBuildFile; fileRef = B8ACEA641C625F12001B4AFA /* Assets.xcassets */; };
		B8ACEA681C625F12001B4AFA /* LaunchScreen.storyboard in Resources */ = {isa = PBXBuildFile; fileRef = B8ACEA661C625F12001B4AFA /* LaunchScreen.storyboard */; };
/* End PBXBuildFile section */

/* Begin PBXFileReference section */
		B8ACEA5A1C625F12001B4AFA /* POTUS.app */ = {isa = PBXFileReference; explicitFileType = wrapper.application; includeInIndex = 0; path = POTUS.app; sourceTree = BUILT_PRODUCTS_DIR; };
		B8ACEA5D1C625F12001B4AFA /* AppDelegate.swift */ = {isa = PBXFileReference; lastKnownFileType = sourcecode.swift; path = AppDelegate.swift; sourceTree = "<group>"; };
		B8ACEA5F1C625F12001B4AFA /* ViewController.swift */ = {isa = PBXFileReference; lastKnownFileType = sourcecode.swift; path = ViewController.swift; sourceTree = "<group>"; };
		B8ACEA621C625F12001B4AFA /* Base */ = {isa = PBXFileReference; lastKnownFileType = file.storyboard; name = Base; path = Base.lproj/Main.storyboard; sourceTree = "<group>"; };
		B8ACEA641C625F12001B4AFA /* Assets.xcassets */ = {isa = PBXFileReference; lastKnownFileType = folder.assetcatalog; path = Assets.xcassets; sourceTree = "<group>"; };
		B8ACEA671C625F12001B4AFA /* Base */ = {isa = PBXFileReference; lastKnownFileType = file.storyboard; name = Base; path = Base.lproj/LaunchScreen.storyboard; sourceTree = "<group>"; };
		B8ACEA691C625F12001B4AFA /* Info.plist */ = {isa = PBXFileReference; lastKnownFileType = text.plist.xml; path = Info.plist; sourceTree = "<group>"; };
/* End PBXFileReference section */

/* Begin PBXFrameworksBuildPhase section */
		B8ACEA571C625F12001B4AFA /* Frameworks */ = {
			isa = PBXFrameworksBuildPhase;
			buildActionMask = 2147483647;
			files = (
			);
			runOnlyForDeploymentPostprocessing = 0;
		};
/* End PBXFrameworksBuildPhase section */

/* Begin PBXGroup section */
		B8ACEA511C625F11001B4AFA = {
			isa = PBXGroup;
			children = (
				B8ACEA5C1C625F12001B4AFA /* POTUS */,
				B8ACEA5B1C625F12001B4AFA /* Products */,
			);
			sourceTree = "<group>";
		};
		B8ACEA5B1C625F12001B4AFA /* Products */ = {
			isa = PBXGroup;
			children = (
				B8ACEA5A1C625F12001B4AFA /* POTUS.app */,
			);
			name = Products;
			sourceTree = "<group>";
		};
		B8ACEA5C1C625F12001B4AFA /* POTUS */ = {
			isa = PBXGroup;
			children = (
				B8ACEA5D1C625F12001B4AFA /* AppDelegate.swift */,
				B8ACEA5F1C625F12001B4AFA /* ViewController.swift */,
				B8ACEA611C625F12001B4AFA /* Main.storyboard */,
				B8ACEA641C625F12001B4AFA /* Assets.xcassets */,
				B8ACEA661C625F12001B4AFA /* LaunchScreen.storyboard */,
				B8ACEA691C625F12001B4AFA /* Info.plist */,
			);
			path = POTUS;
			sourceTree = "<group>";
		};
/* End PBXGroup section */

/* Begin PBXNativeTarget section */
		B8ACEA591C625F12001B4AFA /* POTUS */ = {
			isa = PBXNativeTarget;
			buildConfigurationList = B8ACEA6C1C625F12001B4AFA /* Build configuration list for PBXNativeTarget "POTUS" */;
			buildPhases = (
				B8ACEA561C625F12001B4AFA /* Sources */,
				B8ACEA571C625F12001B4AFA /* Frameworks */,
				B8ACEA581C625F12001B4AFA /* Resources */,
			);
			buildRules = (
			);
			dependencies = (
			);
			name = POTUS;
			productName = POTUS;
			productReference = B8ACEA5A1C625F12001B4AFA /* POTUS.app */;
			productType = "com.apple.product-type.application";
		};
/* End PBXNativeTarget section */

/* Begin PBXProject section */
		B8ACEA521C625F11001B4AFA /* Project object */ = {
			isa = PBXProject;
			attributes = {
				LastSwiftUpdateCheck = 0720;
				LastUpgradeCheck = 0720;
				ORGANIZATIONNAME = "Justin Loew";
				TargetAttributes = {
					B8ACEA591C625F12001B4AFA = {
						CreatedOnToolsVersion = 7.2.1;
					};
				};
			};
			buildConfigurationList = B8ACEA551C625F12001B4AFA /* Build configuration list for PBXProject "POTUS" */;
			compatibilityVersion = "Xcode 3.2";
			developmentRegion = English;
			hasScannedForEncodings = 0;
			knownRegions = (
				en,
				Base,
			);
			mainGroup = B8ACEA511C625F11001B4AFA;
			productRefGroup = B8ACEA5B1C625F12001B4AFA /* Products */;
			projectDirPath = "";
			projectRoot = "";
			targets = (
				B8ACEA591C625F12001B4AFA /* POTUS */,
			);
		};
/* End PBXProject section */

/* Begin PBXResourcesBuildPhase section */
		B8ACEA581C625F12001B4AFA /* Resources */ = {
			isa = PBXResourcesBuildPhase;
			buildActionMask = 2147483647;
			files = (
				B8ACEA681C625F12001B4AFA /* LaunchScreen.storyboard in Resources */,
				B8ACEA651C625F12001B4AFA /* Assets.xcassets in Resources */,
				B8ACEA631C625F12001B4AFA /* Main.storyboard in Resources */,
			);
			runOnlyForDeploymentPostprocessing = 0;
		};
/* End PBXResourcesBuildPhase section */

/* Begin PBXSourcesBuildPhase section */
		B8ACEA561C625F12001B4AFA /* Sources */ = {
			isa = PBXSourcesBuildPhase;
			buildActionMask = 2147483647;
			files = (
				B8ACEA601C625F12001B4AFA /* ViewController.swift in Sources */,
				B8ACEA5E1C625F12001B4AFA /* AppDelegate.swift in Sources */,
			);
			runOnlyForDeploymentPostprocessing = 0;
		};
/* End PBXSourcesBuildPhase section */

/* Begin PBXVariantGroup section */
		B8ACEA611C625F12001B4AFA /* Main.storyboard */ = {
			isa = PBXVariantGroup;
			children = (
				B8ACEA621C625F12001B4AFA /* Base */,
			);
			name = Main.storyboard;
			sourceTree = "<group>";
		};
		B8ACEA661C625F12001B4AFA /* LaunchScreen.storyboard */ = {
			isa = PBXVariantGroup;
			children = (
				B8ACEA671C625F12001B4AFA /* Base */,
			);
			name = LaunchScreen.storyboard;
			sourceTree = "<group>";
		};
/* End PBXVariantGroup section */

/* Begin XCBuildConfiguration section */
		B8ACEA6A1C625F12001B4AFA /* Debug */ = {
			isa = XCBuildConfiguration;
			buildSettings = {
				ALWAYS_SEARCH_USER_PATHS = NO;
				CLANG_CXX_LANGUAGE_STANDARD = "gnu++0x";
				CLANG_CXX_LIBRARY = "libc++";
				CLANG_ENABLE_MODULES = YES;
				CLANG_ENABLE_OBJC_ARC = YES;
				CLANG_WARN_BOOL_CONVERSION = YES;
				CLANG_WARN_CONSTANT_CONVERSION = YES;
				CLANG_WARN_DIRECT_OBJC_ISA_USAGE = YES_ERROR;
				CLANG_WARN_EMPTY_BODY = YES;
				CLANG_WARN_ENUM_CONVERSION = YES;
				CLANG_WARN_INT_CONVERSION = YES;
				CLANG_WARN_OBJC_ROOT_CLASS = YES_ERROR;
				CLANG_WARN_UNREACHABLE_CODE = YES;
				CLANG_WARN__DUPLICATE_METHOD_MATCH = YES;
				"CODE_SIGN_IDENTITY[sdk=iphoneos*]" = "iPhone Developer";
				COPY_PHASE_STRIP = NO;
				DEBUG_INFORMATION_FORMAT = dwarf;
				ENABLE_STRICT_OBJC_MSGSEND = YES;
				ENABLE_TESTABILITY = YES;
				GCC_C_LANGUAGE_STANDARD = gnu99;
				GCC_DYNAMIC_NO_PIC = NO;
				GCC_NO_COMMON_BLOCKS = YES;
				GCC_OPTIMIZATION_LEVEL = 0;
				GCC_PREPROCESSOR_DEFINITIONS = (
					"DEBUG=1",
					"$(inherited)",
				);
				GCC_WARN_64_TO_32_BIT_CONVERSION = YES;
				GCC_WARN_ABOUT_RETURN_TYPE = YES_ERROR;
				GCC_WARN_UNDECLARED_SELECTOR = YES;
				GCC_WARN_UNINITIALIZED_AUTOS = YES_AGGRESSIVE;
				GCC_WARN_UNUSED_FUNCTION = YES;
				GCC_WARN_UNUSED_VARIABLE = YES;
				IPHONEOS_DEPLOYMENT_TARGET = 9.2;
				MTL_ENABLE_DEBUG_INFO = YES;
				ONLY_ACTIVE_ARCH = YES;
				SDKROOT = iphoneos;
				SWIFT_OPTIMIZATION_LEVEL = "-Onone";
				TARGETED_DEVICE_FAMILY = "1,2";
			};
			name = Debug;
		};
		B8ACEA6B1C625F12001B4AFA /* Release */ = {
			isa = XCBuildConfiguration;
			buildSettings = {
				ALWAYS_SEARCH_USER_PATHS = NO;
				CLANG_CXX_LANGUAGE_STANDARD = "gnu++0x";
				CLANG_CXX_LIBRARY = "libc++";
				CLANG_ENABLE_MODULES = YES;
				CLANG_ENABLE_OBJC_ARC = YES;
				CLANG_WARN_BOOL_CONVERSION = YES;
				CLANG_WARN_CONSTANT_CONVERSION = YES;
				CLANG_WARN_DIRECT_OBJC_ISA_USAGE = YES_ERROR;
				CLANG_WARN_EMPTY_BODY = YES;
				CLANG_WARN_ENUM_CONVERSION = YES;
				CLANG_WARN_INT_CONVERSION = YES;
				CLANG_WARN_OBJC_ROOT_CLASS = YES_ERROR;
				CLANG_WARN_UNREACHABLE_CODE = YES;
				CLANG_WARN__DUPLICATE_METHOD_MATCH = YES;
				"CODE_SIGN_IDENTITY[sdk=iphoneos*]" = "iPhone Developer";
				COPY_PHASE_STRIP = NO;
				DEBUG_INFORMATION_FORMAT = "dwarf-with-dsym";
				ENABLE_NS_ASSERTIONS = NO;
				ENABLE_STRICT_OBJC_MSGSEND = YES;
				GCC_C_LANGUAGE_STANDARD = gnu99;
				GCC_NO_COMMON_BLOCKS = YES;
				GCC_WARN_64_TO_32_BIT_CONVERSION = YES;
				GCC_WARN_ABOUT_RETURN_TYPE = YES_ERROR;
				GCC_WARN_UNDECLARED_SELECTOR = YES;
				GCC_WARN_UNINITIALIZED_AUTOS = YES_AGGRESSIVE;
				GCC_WARN_UNUSED_FUNCTION = YES;
				GCC_WARN_UNUSED_VARIABLE = YES;
				IPHONEOS_DEPLOYMENT_TARGET = 9.2;
				MTL_ENABLE_DEBUG_INFO = NO;
				SDKROOT = iphoneos;
				TARGETED_DEVICE_FAMILY = "1,2";
				VALIDATE_PRODUCT = YES;
			};
			name = Release;
		};
		B8ACEA6D1C625F12001B4AFA /* Debug */ = {
			isa = XCBuildConfiguration;
			buildSettings = {
				ASSETCATALOG_COMPILER_APPICON_NAME = AppIcon;
				INFOPLIST_FILE = POTUS/Info.plist;
				LD_RUNPATH_SEARCH_PATHS = "$(inherited) @executable_path/Frameworks";
				PRODUCT_BUNDLE_IDENTIFIER = com.justinloew.POTUS;
				PRODUCT_NAME = "$(TARGET_NAME)";
			};
			name = Debug;
		};
		B8ACEA6E1C625F12001B4AFA /* Release */ = {
			isa = XCBuildConfiguration;
			buildSettings = {
				ASSETCATALOG_COMPILER_APPICON_NAME = AppIcon;
				INFOPLIST_FILE = POTUS/Info.plist;
				LD_RUNPATH_SEARCH_PATHS = "$(inherited) @executable_path/Frameworks";
				PRODUCT_BUNDLE_IDENTIFIER = com.justinloew.POTUS;
				PRODUCT_NAME = "$(TARGET_NAME)";
			};
			name = Release;
		};
/* End XCBuildConfiguration section */

/* Begin XCConfigurationList section */
		B8ACEA551C625F12001B4AFA /* Build configuration list for PBXProject "POTUS" */ = {
			isa = XCConfigurationList;
			buildConfigurations = (
				B8ACEA6A1C625F12001B4AFA /* Debug */,
				B8ACEA6B1C625F12001B4AFA /* Release */,
			);
			defaultConfigurationIsVisible = 0;
			defaultConfigurationName = Release;
		};
		B8ACEA6C1C625F12001B4AFA /* Build configuration list for PBXNativeTarget "POTUS" */ = {
			isa = XCConfigurationList;
			buildConfigurations = (
				B8ACEA6D1C625F12001B4AFA /* Debug */,
				B8ACEA6E1C625F12001B4AFA /* Release */,
			);
			defaultConfigurationIsVisible = 0;
		};
/* End XCConfigurationList section */
	};
	rootObject = B8ACEA521C625F11001B4AFA /* Project object */;
}
